
Microsoft Visual Studio Solution File, Format Version 12.00
# Visual Studio Version 17
VisualStudioVersion = 17.0.31903.59
MinimumVisualStudioVersion = 10.0.40219.1
Project("{2150E333-8FDC-42A3-9474-1A3956D46DE8}") = "src", "src", "{CFF66F09-FB75-483C-AC82-08F41722F4D9}"
EndProject
Project("{FAE04EC0-301F-11D3-BF4B-00C04F79EFBC}") = "Resrcify.SharedKernel.DomainDrivenDesign", "src\Resrcify.SharedKernel.DomainDrivenDesign\Resrcify.SharedKernel.DomainDrivenDesign.csproj", "{12B366C4-89DE-48B1-97F5-3959C69589B0}"
EndProject
Project("{FAE04EC0-301F-11D3-BF4B-00C04F79EFBC}") = "Resrcify.SharedKernel.Web", "src\Resrcify.SharedKernel.Web\Resrcify.SharedKernel.Web.csproj", "{8C3F9427-978D-4682-99AE-738909B393A4}"
EndProject
Project("{FAE04EC0-301F-11D3-BF4B-00C04F79EFBC}") = "Resrcify.SharedKernel.Messaging", "src\Resrcify.SharedKernel.Messaging\Resrcify.SharedKernel.Messaging.csproj", "{5C4FD95E-B5A3-44AF-AB95-A0D85A7E4749}"
EndProject
Project("{FAE04EC0-301F-11D3-BF4B-00C04F79EFBC}") = "Resrcify.SharedKernel.ResultFramework", "src\Resrcify.SharedKernel.ResultFramework\Resrcify.SharedKernel.ResultFramework.csproj", "{DB8EE1DF-B003-4AD4-AAA0-AB0FD7FE5BE6}"
EndProject
Project("{FAE04EC0-301F-11D3-BF4B-00C04F79EFBC}") = "Resrcify.SharedKernel.Caching", "src\Resrcify.SharedKernel.Caching\Resrcify.SharedKernel.Caching.csproj", "{88CAB211-655D-4C98-A392-9C2F5DE0FED7}"
EndProject
Project("{2150E333-8FDC-42A3-9474-1A3956D46DE8}") = "tests", "tests", "{AC21D052-DCEB-4D84-A963-556C3FD22006}"
EndProject
Project("{FAE04EC0-301F-11D3-BF4B-00C04F79EFBC}") = "Resrcify.SharedKernel.ResultFramework.UnitTests", "tests\Resrcify.SharedKernel.ResultFramework.UnitTests\Resrcify.SharedKernel.ResultFramework.UnitTests.csproj", "{4B542C58-C136-4ECC-AF06-3EB2EEEA5C76}"
EndProject
Project("{FAE04EC0-301F-11D3-BF4B-00C04F79EFBC}") = "Resrcify.SharedKernel.Web.UnitTests", "tests\Resrcify.SharedKernel.Web.UnitTests\Resrcify.SharedKernel.Web.UnitTests.csproj", "{5EFC39AD-AFB4-4C63-94AF-26A7F5CBA30F}"
EndProject
Project("{FAE04EC0-301F-11D3-BF4B-00C04F79EFBC}") = "Resrcify.SharedKernel.DomainDrivenDesign.UnitTests", "tests\Resrcify.SharedKernel.DomainDrivenDesign.UnitTests\Resrcify.SharedKernel.DomainDrivenDesign.UnitTests.csproj", "{52F2FD68-ED1A-42FF-A12C-665F93155209}"
EndProject
Project("{FAE04EC0-301F-11D3-BF4B-00C04F79EFBC}") = "Resrcify.SharedKernel.Caching.UnitTests", "tests\Resrcify.SharedKernel.Caching.UnitTests\Resrcify.SharedKernel.Caching.UnitTests.csproj", "{B8B826CA-5C8B-4552-A314-A7D69B8B372C}"
EndProject
Project("{FAE04EC0-301F-11D3-BF4B-00C04F79EFBC}") = "Resrcify.SharedKernel.Messaging.UnitTests", "tests\Resrcify.SharedKernel.Messaging.UnitTests\Resrcify.SharedKernel.Messaging.UnitTests.csproj", "{496A8825-04A9-4BB6-9C2D-7549BC51066F}"
EndProject
Project("{FAE04EC0-301F-11D3-BF4B-00C04F79EFBC}") = "Resrcify.SharedKernel.UnitOfWork", "src\Resrcify.SharedKernel.UnitOfWork\Resrcify.SharedKernel.UnitOfWork.csproj", "{CBC54AE4-E446-4C77-AF01-45135CDCE188}"
EndProject
Project("{FAE04EC0-301F-11D3-BF4B-00C04F79EFBC}") = "Resrcify.SharedKernel.UnitOfWork.UnitTests", "tests\Resrcify.SharedKernel.UnitOfWork.UnitTests\Resrcify.SharedKernel.UnitOfWork.UnitTests.csproj", "{6832A206-2A95-42BD-A3B7-3205EFB00333}"
EndProject
Project("{FAE04EC0-301F-11D3-BF4B-00C04F79EFBC}") = "Resrcify.SharedKernel.Repository.UnitTests", "tests\Resrcify.SharedKernel.Repository.UnitTests\Resrcify.SharedKernel.Repository.UnitTests.csproj", "{A2C2D446-A362-471C-AD38-2934383C500B}"
EndProject
Project("{FAE04EC0-301F-11D3-BF4B-00C04F79EFBC}") = "Resrcify.SharedKernel.Repository", "src\Resrcify.SharedKernel.Repository\Resrcify.SharedKernel.Repository.csproj", "{2F180A52-56C3-4001-9FF6-FFFC7AE29AE2}"
EndProject
Global
	GlobalSection(SolutionConfigurationPlatforms) = preSolution
		Debug|Any CPU = Debug|Any CPU
		Release|Any CPU = Release|Any CPU
	EndGlobalSection
	GlobalSection(SolutionProperties) = preSolution
		HideSolutionNode = FALSE
	EndGlobalSection
	GlobalSection(ProjectConfigurationPlatforms) = postSolution
		{12B366C4-89DE-48B1-97F5-3959C69589B0}.Debug|Any CPU.ActiveCfg = Debug|Any CPU
		{12B366C4-89DE-48B1-97F5-3959C69589B0}.Debug|Any CPU.Build.0 = Debug|Any CPU
		{12B366C4-89DE-48B1-97F5-3959C69589B0}.Release|Any CPU.ActiveCfg = Release|Any CPU
		{12B366C4-89DE-48B1-97F5-3959C69589B0}.Release|Any CPU.Build.0 = Release|Any CPU
		{8C3F9427-978D-4682-99AE-738909B393A4}.Debug|Any CPU.ActiveCfg = Debug|Any CPU
		{8C3F9427-978D-4682-99AE-738909B393A4}.Debug|Any CPU.Build.0 = Debug|Any CPU
		{8C3F9427-978D-4682-99AE-738909B393A4}.Release|Any CPU.ActiveCfg = Release|Any CPU
		{8C3F9427-978D-4682-99AE-738909B393A4}.Release|Any CPU.Build.0 = Release|Any CPU
		{5C4FD95E-B5A3-44AF-AB95-A0D85A7E4749}.Debug|Any CPU.ActiveCfg = Debug|Any CPU
		{5C4FD95E-B5A3-44AF-AB95-A0D85A7E4749}.Debug|Any CPU.Build.0 = Debug|Any CPU
		{5C4FD95E-B5A3-44AF-AB95-A0D85A7E4749}.Release|Any CPU.ActiveCfg = Release|Any CPU
		{5C4FD95E-B5A3-44AF-AB95-A0D85A7E4749}.Release|Any CPU.Build.0 = Release|Any CPU
		{DB8EE1DF-B003-4AD4-AAA0-AB0FD7FE5BE6}.Debug|Any CPU.ActiveCfg = Debug|Any CPU
		{DB8EE1DF-B003-4AD4-AAA0-AB0FD7FE5BE6}.Debug|Any CPU.Build.0 = Debug|Any CPU
		{DB8EE1DF-B003-4AD4-AAA0-AB0FD7FE5BE6}.Release|Any CPU.ActiveCfg = Release|Any CPU
		{DB8EE1DF-B003-4AD4-AAA0-AB0FD7FE5BE6}.Release|Any CPU.Build.0 = Release|Any CPU
		{88CAB211-655D-4C98-A392-9C2F5DE0FED7}.Debug|Any CPU.ActiveCfg = Debug|Any CPU
		{88CAB211-655D-4C98-A392-9C2F5DE0FED7}.Debug|Any CPU.Build.0 = Debug|Any CPU
		{88CAB211-655D-4C98-A392-9C2F5DE0FED7}.Release|Any CPU.ActiveCfg = Release|Any CPU
		{88CAB211-655D-4C98-A392-9C2F5DE0FED7}.Release|Any CPU.Build.0 = Release|Any CPU
		{4B542C58-C136-4ECC-AF06-3EB2EEEA5C76}.Debug|Any CPU.ActiveCfg = Debug|Any CPU
		{4B542C58-C136-4ECC-AF06-3EB2EEEA5C76}.Debug|Any CPU.Build.0 = Debug|Any CPU
		{4B542C58-C136-4ECC-AF06-3EB2EEEA5C76}.Release|Any CPU.ActiveCfg = Release|Any CPU
		{4B542C58-C136-4ECC-AF06-3EB2EEEA5C76}.Release|Any CPU.Build.0 = Release|Any CPU
		{5EFC39AD-AFB4-4C63-94AF-26A7F5CBA30F}.Debug|Any CPU.ActiveCfg = Debug|Any CPU
		{5EFC39AD-AFB4-4C63-94AF-26A7F5CBA30F}.Debug|Any CPU.Build.0 = Debug|Any CPU
		{5EFC39AD-AFB4-4C63-94AF-26A7F5CBA30F}.Release|Any CPU.ActiveCfg = Release|Any CPU
		{5EFC39AD-AFB4-4C63-94AF-26A7F5CBA30F}.Release|Any CPU.Build.0 = Release|Any CPU
		{52F2FD68-ED1A-42FF-A12C-665F93155209}.Debug|Any CPU.ActiveCfg = Debug|Any CPU
		{52F2FD68-ED1A-42FF-A12C-665F93155209}.Debug|Any CPU.Build.0 = Debug|Any CPU
		{52F2FD68-ED1A-42FF-A12C-665F93155209}.Release|Any CPU.ActiveCfg = Release|Any CPU
		{52F2FD68-ED1A-42FF-A12C-665F93155209}.Release|Any CPU.Build.0 = Release|Any CPU
		{B8B826CA-5C8B-4552-A314-A7D69B8B372C}.Debug|Any CPU.ActiveCfg = Debug|Any CPU
		{B8B826CA-5C8B-4552-A314-A7D69B8B372C}.Debug|Any CPU.Build.0 = Debug|Any CPU
		{B8B826CA-5C8B-4552-A314-A7D69B8B372C}.Release|Any CPU.ActiveCfg = Release|Any CPU
		{B8B826CA-5C8B-4552-A314-A7D69B8B372C}.Release|Any CPU.Build.0 = Release|Any CPU
		{496A8825-04A9-4BB6-9C2D-7549BC51066F}.Debug|Any CPU.ActiveCfg = Debug|Any CPU
		{496A8825-04A9-4BB6-9C2D-7549BC51066F}.Debug|Any CPU.Build.0 = Debug|Any CPU
		{496A8825-04A9-4BB6-9C2D-7549BC51066F}.Release|Any CPU.ActiveCfg = Release|Any CPU
		{496A8825-04A9-4BB6-9C2D-7549BC51066F}.Release|Any CPU.Build.0 = Release|Any CPU
		{CBC54AE4-E446-4C77-AF01-45135CDCE188}.Debug|Any CPU.ActiveCfg = Debug|Any CPU
		{CBC54AE4-E446-4C77-AF01-45135CDCE188}.Debug|Any CPU.Build.0 = Debug|Any CPU
		{CBC54AE4-E446-4C77-AF01-45135CDCE188}.Release|Any CPU.ActiveCfg = Release|Any CPU
		{CBC54AE4-E446-4C77-AF01-45135CDCE188}.Release|Any CPU.Build.0 = Release|Any CPU
		{6832A206-2A95-42BD-A3B7-3205EFB00333}.Debug|Any CPU.ActiveCfg = Debug|Any CPU
		{6832A206-2A95-42BD-A3B7-3205EFB00333}.Debug|Any CPU.Build.0 = Debug|Any CPU
		{6832A206-2A95-42BD-A3B7-3205EFB00333}.Release|Any CPU.ActiveCfg = Release|Any CPU
		{6832A206-2A95-42BD-A3B7-3205EFB00333}.Release|Any CPU.Build.0 = Release|Any CPU
		{A2C2D446-A362-471C-AD38-2934383C500B}.Debug|Any CPU.ActiveCfg = Debug|Any CPU
		{A2C2D446-A362-471C-AD38-2934383C500B}.Debug|Any CPU.Build.0 = Debug|Any CPU
		{A2C2D446-A362-471C-AD38-2934383C500B}.Release|Any CPU.ActiveCfg = Release|Any CPU
		{A2C2D446-A362-471C-AD38-2934383C500B}.Release|Any CPU.Build.0 = Release|Any CPU
		{2F180A52-56C3-4001-9FF6-FFFC7AE29AE2}.Debug|Any CPU.ActiveCfg = Debug|Any CPU
		{2F180A52-56C3-4001-9FF6-FFFC7AE29AE2}.Debug|Any CPU.Build.0 = Debug|Any CPU
		{2F180A52-56C3-4001-9FF6-FFFC7AE29AE2}.Release|Any CPU.ActiveCfg = Release|Any CPU
		{2F180A52-56C3-4001-9FF6-FFFC7AE29AE2}.Release|Any CPU.Build.0 = Release|Any CPU
	EndGlobalSection
	GlobalSection(NestedProjects) = preSolution
		{12B366C4-89DE-48B1-97F5-3959C69589B0} = {CFF66F09-FB75-483C-AC82-08F41722F4D9}
		{8C3F9427-978D-4682-99AE-738909B393A4} = {CFF66F09-FB75-483C-AC82-08F41722F4D9}
		{5C4FD95E-B5A3-44AF-AB95-A0D85A7E4749} = {CFF66F09-FB75-483C-AC82-08F41722F4D9}
		{DB8EE1DF-B003-4AD4-AAA0-AB0FD7FE5BE6} = {CFF66F09-FB75-483C-AC82-08F41722F4D9}
		{88CAB211-655D-4C98-A392-9C2F5DE0FED7} = {CFF66F09-FB75-483C-AC82-08F41722F4D9}
		{4B542C58-C136-4ECC-AF06-3EB2EEEA5C76} = {AC21D052-DCEB-4D84-A963-556C3FD22006}
		{5EFC39AD-AFB4-4C63-94AF-26A7F5CBA30F} = {AC21D052-DCEB-4D84-A963-556C3FD22006}
		{52F2FD68-ED1A-42FF-A12C-665F93155209} = {AC21D052-DCEB-4D84-A963-556C3FD22006}
		{B8B826CA-5C8B-4552-A314-A7D69B8B372C} = {AC21D052-DCEB-4D84-A963-556C3FD22006}
		{496A8825-04A9-4BB6-9C2D-7549BC51066F} = {AC21D052-DCEB-4D84-A963-556C3FD22006}
		{CBC54AE4-E446-4C77-AF01-45135CDCE188} = {CFF66F09-FB75-483C-AC82-08F41722F4D9}
		{6832A206-2A95-42BD-A3B7-3205EFB00333} = {AC21D052-DCEB-4D84-A963-556C3FD22006}
		{A2C2D446-A362-471C-AD38-2934383C500B} = {AC21D052-DCEB-4D84-A963-556C3FD22006}
		{2F180A52-56C3-4001-9FF6-FFFC7AE29AE2} = {CFF66F09-FB75-483C-AC82-08F41722F4D9}
	EndGlobalSection
EndGlobal
