
Microsoft Visual Studio Solution File, Format Version 12.00
# Visual Studio Version 17
VisualStudioVersion = 17.0.31903.59
MinimumVisualStudioVersion = 10.0.40219.1
Project("{2150E333-8FDC-42A3-9474-1A3956D46DE8}") = "src", "src", "{1957ECD7-A33F-4EC2-8239-DF6BA794949F}"
EndProject
Project("{FAE04EC0-301F-11D3-BF4B-00C04F79EFBC}") = "Resrcify.SharedKernel.WebApiExample.Application", "src\Resrcify.SharedKernel.WebApiExample.Application\Resrcify.SharedKernel.WebApiExample.Application.csproj", "{EAE98D9D-3107-4CF6-8E70-C7B4FFBFEC56}"
EndProject
Project("{FAE04EC0-301F-11D3-BF4B-00C04F79EFBC}") = "Resrcify.SharedKernel.WebApiExample.Domain", "src\Resrcify.SharedKernel.WebApiExample.Domain\Resrcify.SharedKernel.WebApiExample.Domain.csproj", "{B3D99F4E-EE0E-4E2A-9A6E-43FF2C93CE8D}"
EndProject
Project("{FAE04EC0-301F-11D3-BF4B-00C04F79EFBC}") = "Resrcify.SharedKernel.WebApiExample.Infrastructure", "src\Resrcify.SharedKernel.WebApiExample.Infrastructure\Resrcify.SharedKernel.WebApiExample.Infrastructure.csproj", "{944D0D3A-2256-4DCA-8487-C74C46826D36}"
EndProject
Project("{FAE04EC0-301F-11D3-BF4B-00C04F79EFBC}") = "Resrcify.SharedKernel.WebApiExample.Presentation", "src\Resrcify.SharedKernel.WebApiExample.Presentation\Resrcify.SharedKernel.WebApiExample.Presentation.csproj", "{F68FA264-0BED-4AFA-9EC6-0BDFF7DACAE3}"
EndProject
Project("{FAE04EC0-301F-11D3-BF4B-00C04F79EFBC}") = "Resrcify.SharedKernel.WebApiExample.Persistence", "src\Resrcify.SharedKernel.WebApiExample.Persistence\Resrcify.SharedKernel.WebApiExample.Persistence.csproj", "{14EF4BC1-9496-43A2-A4E0-4B6FE04B4489}"
EndProject
Project("{FAE04EC0-301F-11D3-BF4B-00C04F79EFBC}") = "Resrcify.SharedKernel.WebApiExample.Web", "src\Resrcify.SharedKernel.WebApiExample.Web\Resrcify.SharedKernel.WebApiExample.Web.csproj", "{4D753B8A-4D64-4387-ABC2-3C966F4959BD}"
EndProject
Project("{2150E333-8FDC-42A3-9474-1A3956D46DE8}") = "tests", "tests", "{BDFE5C80-44E5-431D-85E1-6258470F8236}"
EndProject
Project("{FAE04EC0-301F-11D3-BF4B-00C04F79EFBC}") = "Resrcify.SharedKernel.WebApiExample.ArchitectureTests", "tests\Resrcify.SharedKernel.WebApiExample.ArchitectureTests\Resrcify.SharedKernel.WebApiExample.ArchitectureTests.csproj", "{DAC86305-C72B-48AA-8898-8D855988C5D3}"
EndProject
Project("{FAE04EC0-301F-11D3-BF4B-00C04F79EFBC}") = "Resrcify.SharedKernel.WebApiExample.Domain.UnitTests", "tests\Resrcify.SharedKernel.WebApiExample.Domain.UnitTests\Resrcify.SharedKernel.WebApiExample.Domain.UnitTests.csproj", "{3E984A0A-1DBC-41BD-BB61-8EA00DF99701}"
EndProject
Project("{FAE04EC0-301F-11D3-BF4B-00C04F79EFBC}") = "Resrcify.SharedKernel.Web", "..\..\src\Resrcify.SharedKernel.Web\Resrcify.SharedKernel.Web.csproj", "{5ABFE40F-25C6-4C16-918F-B61B1C19670E}"
EndProject
Project("{FAE04EC0-301F-11D3-BF4B-00C04F79EFBC}") = "Resrcify.SharedKernel.UnitOfWork", "..\..\src\Resrcify.SharedKernel.UnitOfWork\Resrcify.SharedKernel.UnitOfWork.csproj", "{9B129B99-7657-48EF-9CAF-6AC7E7947C4B}"
EndProject
Project("{FAE04EC0-301F-11D3-BF4B-00C04F79EFBC}") = "Resrcify.SharedKernel.ResultFramework", "..\..\src\Resrcify.SharedKernel.ResultFramework\Resrcify.SharedKernel.ResultFramework.csproj", "{02BE165E-4729-46D4-BDB3-EC361968CB81}"
EndProject
Project("{FAE04EC0-301F-11D3-BF4B-00C04F79EFBC}") = "Resrcify.SharedKernel.Repository", "..\..\src\Resrcify.SharedKernel.Repository\Resrcify.SharedKernel.Repository.csproj", "{5D8402D0-BAA1-4675-A106-B2D09B38C790}"
EndProject
Project("{FAE04EC0-301F-11D3-BF4B-00C04F79EFBC}") = "Resrcify.SharedKernel.Messaging", "..\..\src\Resrcify.SharedKernel.Messaging\Resrcify.SharedKernel.Messaging.csproj", "{921D5D01-FDB0-4311-965B-1B8936FB44C0}"
EndProject
Project("{FAE04EC0-301F-11D3-BF4B-00C04F79EFBC}") = "Resrcify.SharedKernel.DomainDrivenDesign", "..\..\src\Resrcify.SharedKernel.DomainDrivenDesign\Resrcify.SharedKernel.DomainDrivenDesign.csproj", "{78E98673-A682-4F34-8AD3-CCC42965614B}"
EndProject
Project("{FAE04EC0-301F-11D3-BF4B-00C04F79EFBC}") = "Resrcify.SharedKernel.Caching", "..\..\src\Resrcify.SharedKernel.Caching\Resrcify.SharedKernel.Caching.csproj", "{C15C9470-030E-4D64-B9A1-A591001C1147}"
EndProject
Global
	GlobalSection(SolutionConfigurationPlatforms) = preSolution
		Debug|Any CPU = Debug|Any CPU
		Release|Any CPU = Release|Any CPU
	EndGlobalSection
	GlobalSection(SolutionProperties) = preSolution
		HideSolutionNode = FALSE
	EndGlobalSection
	GlobalSection(ProjectConfigurationPlatforms) = postSolution
		{EAE98D9D-3107-4CF6-8E70-C7B4FFBFEC56}.Debug|Any CPU.ActiveCfg = Debug|Any CPU
		{EAE98D9D-3107-4CF6-8E70-C7B4FFBFEC56}.Debug|Any CPU.Build.0 = Debug|Any CPU
		{EAE98D9D-3107-4CF6-8E70-C7B4FFBFEC56}.Release|Any CPU.ActiveCfg = Release|Any CPU
		{EAE98D9D-3107-4CF6-8E70-C7B4FFBFEC56}.Release|Any CPU.Build.0 = Release|Any CPU
		{B3D99F4E-EE0E-4E2A-9A6E-43FF2C93CE8D}.Debug|Any CPU.ActiveCfg = Debug|Any CPU
		{B3D99F4E-EE0E-4E2A-9A6E-43FF2C93CE8D}.Debug|Any CPU.Build.0 = Debug|Any CPU
		{B3D99F4E-EE0E-4E2A-9A6E-43FF2C93CE8D}.Release|Any CPU.ActiveCfg = Release|Any CPU
		{B3D99F4E-EE0E-4E2A-9A6E-43FF2C93CE8D}.Release|Any CPU.Build.0 = Release|Any CPU
		{944D0D3A-2256-4DCA-8487-C74C46826D36}.Debug|Any CPU.ActiveCfg = Debug|Any CPU
		{944D0D3A-2256-4DCA-8487-C74C46826D36}.Debug|Any CPU.Build.0 = Debug|Any CPU
		{944D0D3A-2256-4DCA-8487-C74C46826D36}.Release|Any CPU.ActiveCfg = Release|Any CPU
		{944D0D3A-2256-4DCA-8487-C74C46826D36}.Release|Any CPU.Build.0 = Release|Any CPU
		{F68FA264-0BED-4AFA-9EC6-0BDFF7DACAE3}.Debug|Any CPU.ActiveCfg = Debug|Any CPU
		{F68FA264-0BED-4AFA-9EC6-0BDFF7DACAE3}.Debug|Any CPU.Build.0 = Debug|Any CPU
		{F68FA264-0BED-4AFA-9EC6-0BDFF7DACAE3}.Release|Any CPU.ActiveCfg = Release|Any CPU
		{F68FA264-0BED-4AFA-9EC6-0BDFF7DACAE3}.Release|Any CPU.Build.0 = Release|Any CPU
		{14EF4BC1-9496-43A2-A4E0-4B6FE04B4489}.Debug|Any CPU.ActiveCfg = Debug|Any CPU
		{14EF4BC1-9496-43A2-A4E0-4B6FE04B4489}.Debug|Any CPU.Build.0 = Debug|Any CPU
		{14EF4BC1-9496-43A2-A4E0-4B6FE04B4489}.Release|Any CPU.ActiveCfg = Release|Any CPU
		{14EF4BC1-9496-43A2-A4E0-4B6FE04B4489}.Release|Any CPU.Build.0 = Release|Any CPU
		{4D753B8A-4D64-4387-ABC2-3C966F4959BD}.Debug|Any CPU.ActiveCfg = Debug|Any CPU
		{4D753B8A-4D64-4387-ABC2-3C966F4959BD}.Debug|Any CPU.Build.0 = Debug|Any CPU
		{4D753B8A-4D64-4387-ABC2-3C966F4959BD}.Release|Any CPU.ActiveCfg = Release|Any CPU
		{4D753B8A-4D64-4387-ABC2-3C966F4959BD}.Release|Any CPU.Build.0 = Release|Any CPU
		{DAC86305-C72B-48AA-8898-8D855988C5D3}.Debug|Any CPU.ActiveCfg = Debug|Any CPU
		{DAC86305-C72B-48AA-8898-8D855988C5D3}.Debug|Any CPU.Build.0 = Debug|Any CPU
		{DAC86305-C72B-48AA-8898-8D855988C5D3}.Release|Any CPU.ActiveCfg = Release|Any CPU
		{DAC86305-C72B-48AA-8898-8D855988C5D3}.Release|Any CPU.Build.0 = Release|Any CPU
		{3E984A0A-1DBC-41BD-BB61-8EA00DF99701}.Debug|Any CPU.ActiveCfg = Debug|Any CPU
		{3E984A0A-1DBC-41BD-BB61-8EA00DF99701}.Debug|Any CPU.Build.0 = Debug|Any CPU
		{3E984A0A-1DBC-41BD-BB61-8EA00DF99701}.Release|Any CPU.ActiveCfg = Release|Any CPU
		{3E984A0A-1DBC-41BD-BB61-8EA00DF99701}.Release|Any CPU.Build.0 = Release|Any CPU
		{5ABFE40F-25C6-4C16-918F-B61B1C19670E}.Debug|Any CPU.ActiveCfg = Debug|Any CPU
		{5ABFE40F-25C6-4C16-918F-B61B1C19670E}.Debug|Any CPU.Build.0 = Debug|Any CPU
		{5ABFE40F-25C6-4C16-918F-B61B1C19670E}.Release|Any CPU.ActiveCfg = Release|Any CPU
		{5ABFE40F-25C6-4C16-918F-B61B1C19670E}.Release|Any CPU.Build.0 = Release|Any CPU
		{9B129B99-7657-48EF-9CAF-6AC7E7947C4B}.Debug|Any CPU.ActiveCfg = Debug|Any CPU
		{9B129B99-7657-48EF-9CAF-6AC7E7947C4B}.Debug|Any CPU.Build.0 = Debug|Any CPU
		{9B129B99-7657-48EF-9CAF-6AC7E7947C4B}.Release|Any CPU.ActiveCfg = Release|Any CPU
		{9B129B99-7657-48EF-9CAF-6AC7E7947C4B}.Release|Any CPU.Build.0 = Release|Any CPU
		{02BE165E-4729-46D4-BDB3-EC361968CB81}.Debug|Any CPU.ActiveCfg = Debug|Any CPU
		{02BE165E-4729-46D4-BDB3-EC361968CB81}.Debug|Any CPU.Build.0 = Debug|Any CPU
		{02BE165E-4729-46D4-BDB3-EC361968CB81}.Release|Any CPU.ActiveCfg = Release|Any CPU
		{02BE165E-4729-46D4-BDB3-EC361968CB81}.Release|Any CPU.Build.0 = Release|Any CPU
		{5D8402D0-BAA1-4675-A106-B2D09B38C790}.Debug|Any CPU.ActiveCfg = Debug|Any CPU
		{5D8402D0-BAA1-4675-A106-B2D09B38C790}.Debug|Any CPU.Build.0 = Debug|Any CPU
		{5D8402D0-BAA1-4675-A106-B2D09B38C790}.Release|Any CPU.ActiveCfg = Release|Any CPU
		{5D8402D0-BAA1-4675-A106-B2D09B38C790}.Release|Any CPU.Build.0 = Release|Any CPU
		{921D5D01-FDB0-4311-965B-1B8936FB44C0}.Debug|Any CPU.ActiveCfg = Debug|Any CPU
		{921D5D01-FDB0-4311-965B-1B8936FB44C0}.Debug|Any CPU.Build.0 = Debug|Any CPU
		{921D5D01-FDB0-4311-965B-1B8936FB44C0}.Release|Any CPU.ActiveCfg = Release|Any CPU
		{921D5D01-FDB0-4311-965B-1B8936FB44C0}.Release|Any CPU.Build.0 = Release|Any CPU
		{78E98673-A682-4F34-8AD3-CCC42965614B}.Debug|Any CPU.ActiveCfg = Debug|Any CPU
		{78E98673-A682-4F34-8AD3-CCC42965614B}.Debug|Any CPU.Build.0 = Debug|Any CPU
		{78E98673-A682-4F34-8AD3-CCC42965614B}.Release|Any CPU.ActiveCfg = Release|Any CPU
		{78E98673-A682-4F34-8AD3-CCC42965614B}.Release|Any CPU.Build.0 = Release|Any CPU
		{C15C9470-030E-4D64-B9A1-A591001C1147}.Debug|Any CPU.ActiveCfg = Debug|Any CPU
		{C15C9470-030E-4D64-B9A1-A591001C1147}.Debug|Any CPU.Build.0 = Debug|Any CPU
		{C15C9470-030E-4D64-B9A1-A591001C1147}.Release|Any CPU.ActiveCfg = Release|Any CPU
		{C15C9470-030E-4D64-B9A1-A591001C1147}.Release|Any CPU.Build.0 = Release|Any CPU
	EndGlobalSection
	GlobalSection(NestedProjects) = preSolution
		{EAE98D9D-3107-4CF6-8E70-C7B4FFBFEC56} = {1957ECD7-A33F-4EC2-8239-DF6BA794949F}
		{B3D99F4E-EE0E-4E2A-9A6E-43FF2C93CE8D} = {1957ECD7-A33F-4EC2-8239-DF6BA794949F}
		{944D0D3A-2256-4DCA-8487-C74C46826D36} = {1957ECD7-A33F-4EC2-8239-DF6BA794949F}
		{F68FA264-0BED-4AFA-9EC6-0BDFF7DACAE3} = {1957ECD7-A33F-4EC2-8239-DF6BA794949F}
		{14EF4BC1-9496-43A2-A4E0-4B6FE04B4489} = {1957ECD7-A33F-4EC2-8239-DF6BA794949F}
		{4D753B8A-4D64-4387-ABC2-3C966F4959BD} = {1957ECD7-A33F-4EC2-8239-DF6BA794949F}
		{DAC86305-C72B-48AA-8898-8D855988C5D3} = {BDFE5C80-44E5-431D-85E1-6258470F8236}
		{3E984A0A-1DBC-41BD-BB61-8EA00DF99701} = {BDFE5C80-44E5-431D-85E1-6258470F8236}
	EndGlobalSection
EndGlobal
